// !$*UTF8*$!
{
	archiveVersion = 1;
	classes = {
	};
	objectVersion = 50;
	objects = {

/* Begin PBXBuildFile section */
		4440ACF68E2AADC595A4209E /* libPods-banzhuanDylib.a in Frameworks */ = {isa = PBXBuildFile; fileRef = 4E611D7B7FEE264A079D5216 /* libPods-banzhuanDylib.a */; };
		DF99DB5522DCA4E7005B424B /* MDConfig.plist in Resources */ = {isa = PBXBuildFile; fileRef = DF99DB5422DCA4E7005B424B /* MDConfig.plist */; };
		DF99DB5F22DCA4E7005B424B /* libbanzhuanDylib.dylib in CopyFiles */ = {isa = PBXBuildFile; fileRef = DF99DB5E22DCA4E7005B424B /* libbanzhuanDylib.dylib */; settings = {ATTRIBUTES = (CodeSignOnCopy, ); }; };
		DF99DB6422DCA4E7005B424B /* JavaScriptCore.framework in Frameworks */ = {isa = PBXBuildFile; fileRef = DF99DB6322DCA4E7005B424B /* JavaScriptCore.framework */; };
		DF99DB6622DCA4E7005B424B /* Foundation.framework in Frameworks */ = {isa = PBXBuildFile; fileRef = DF99DB6522DCA4E7005B424B /* Foundation.framework */; };
		DF99DB6822DCA4E7005B424B /* UIKit.framework in Frameworks */ = {isa = PBXBuildFile; fileRef = DF99DB6722DCA4E7005B424B /* UIKit.framework */; };
		DF99DB6D22DCA4E7005B424B /* banzhuanDylib.mm in Sources */ = {isa = PBXBuildFile; fileRef = DF99DB6C22DCA4E7005B424B /* banzhuanDylib.mm */; };
		DF99DB7022DCA4E7005B424B /* MDConfigManager.h in Headers */ = {isa = PBXBuildFile; fileRef = DF99DB6F22DCA4E7005B424B /* MDConfigManager.h */; };
		DF99DB7222DCA4E7005B424B /* MDConfigManager.m in Sources */ = {isa = PBXBuildFile; fileRef = DF99DB7122DCA4E7005B424B /* MDConfigManager.m */; };
		DF99DB7422DCA4E7005B424B /* MDCycriptManager.h in Headers */ = {isa = PBXBuildFile; fileRef = DF99DB7322DCA4E7005B424B /* MDCycriptManager.h */; };
		DF99DB7622DCA4E7005B424B /* MDCycriptManager.m in Sources */ = {isa = PBXBuildFile; fileRef = DF99DB7522DCA4E7005B424B /* MDCycriptManager.m */; };
		DF99DB7822DCA4E7005B424B /* MDMethodTrace.h in Headers */ = {isa = PBXBuildFile; fileRef = DF99DB7722DCA4E7005B424B /* MDMethodTrace.h */; };
		DF99DB7A22DCA4E7005B424B /* MDMethodTrace.m in Sources */ = {isa = PBXBuildFile; fileRef = DF99DB7922DCA4E7005B424B /* MDMethodTrace.m */; };
		DF99DB7D22DCA4E7005B424B /* a1a2-selectortramps-arm.s in Sources */ = {isa = PBXBuildFile; fileRef = DF99DB7C22DCA4E7005B424B /* a1a2-selectortramps-arm.s */; };
		DF99DB7F22DCA4E7005B424B /* a1a2-selectortramps-arm64.s in Sources */ = {isa = PBXBuildFile; fileRef = DF99DB7E22DCA4E7005B424B /* a1a2-selectortramps-arm64.s */; };
		DF99DB8122DCA4E7005B424B /* a1a2-selectortramps-i386.s in Sources */ = {isa = PBXBuildFile; fileRef = DF99DB8022DCA4E7005B424B /* a1a2-selectortramps-i386.s */; };
		DF99DB8322DCA4E7005B424B /* a1a2-selectortramps-x86_64.s in Sources */ = {isa = PBXBuildFile; fileRef = DF99DB8222DCA4E7005B424B /* a1a2-selectortramps-x86_64.s */; };
		DF99DB8522DCA4E7005B424B /* a2a3-selectortramps-arm.s in Sources */ = {isa = PBXBuildFile; fileRef = DF99DB8422DCA4E7005B424B /* a2a3-selectortramps-arm.s */; };
		DF99DB8722DCA4E7005B424B /* a2a3-selectortramps-i386.s in Sources */ = {isa = PBXBuildFile; fileRef = DF99DB8622DCA4E7005B424B /* a2a3-selectortramps-i386.s */; };
		DF99DB8922DCA4E7005B424B /* a2a3-selectortramps-x86_64.s in Sources */ = {isa = PBXBuildFile; fileRef = DF99DB8822DCA4E7005B424B /* a2a3-selectortramps-x86_64.s */; };
		DF99DB8B22DCA4E7005B424B /* OCMethodTrace.h in Headers */ = {isa = PBXBuildFile; fileRef = DF99DB8A22DCA4E7005B424B /* OCMethodTrace.h */; };
		DF99DB8D22DCA4E7005B424B /* OCMethodTrace.m in Sources */ = {isa = PBXBuildFile; fileRef = DF99DB8C22DCA4E7005B424B /* OCMethodTrace.m */; };
		DF99DB8F22DCA4E7005B424B /* OCSelectorTrampolines.h in Headers */ = {isa = PBXBuildFile; fileRef = DF99DB8E22DCA4E7005B424B /* OCSelectorTrampolines.h */; };
		DF99DB9122DCA4E7005B424B /* OCSelectorTrampolines.mm in Sources */ = {isa = PBXBuildFile; fileRef = DF99DB9022DCA4E7005B424B /* OCSelectorTrampolines.mm */; };
		DF99DB9522DCA4E7005B424B /* LLDBTools.h in Headers */ = {isa = PBXBuildFile; fileRef = DF99DB9422DCA4E7005B424B /* LLDBTools.h */; };
		DF99DB9722DCA4E7005B424B /* LLDBTools.mm in Sources */ = {isa = PBXBuildFile; fileRef = DF99DB9622DCA4E7005B424B /* LLDBTools.mm */; };
		DF99DB9C22DCA4E7005B424B /* fishhook.c in Sources */ = {isa = PBXBuildFile; fileRef = DF99DB9B22DCA4E7005B424B /* fishhook.c */; };
		DF99DB9E22DCA4E7005B424B /* fishhook.h in Headers */ = {isa = PBXBuildFile; fileRef = DF99DB9D22DCA4E7005B424B /* fishhook.h */; };
		DF99DBA022DCA4E7005B424B /* banzhuanDylib.h in Headers */ = {isa = PBXBuildFile; fileRef = DF99DB9F22DCA4E7005B424B /* banzhuanDylib.h */; };
		DF99DBA222DCA4E7005B424B /* banzhuanDylib.m in Sources */ = {isa = PBXBuildFile; fileRef = DF99DBA122DCA4E7005B424B /* banzhuanDylib.m */; };
		DF99DBFF22DCBFCB005B424B /* woca.h in Headers */ = {isa = PBXBuildFile; fileRef = DF99DBFD22DCBFCB005B424B /* woca.h */; };
		DF99DC0022DCBFCB005B424B /* woca.m in Sources */ = {isa = PBXBuildFile; fileRef = DF99DBFE22DCBFCB005B424B /* woca.m */; };
		DF99DC7722DDA85F005B424B /* CCHelpTool.m in Sources */ = {isa = PBXBuildFile; fileRef = DF99DC6822DDA85F005B424B /* CCHelpTool.m */; };
		DF99DC7822DDA85F005B424B /* CC_Object-C.mm in Sources */ = {isa = PBXBuildFile; fileRef = DF99DC6922DDA85F005B424B /* CC_Object-C.mm */; };
		DF99DC7922DDA85F005B424B /* CC_CFunction.m in Sources */ = {isa = PBXBuildFile; fileRef = DF99DC6A22DDA85F005B424B /* CC_CFunction.m */; };
		DF99DC7A22DDA85F005B424B /* CCHelpTool.h in Headers */ = {isa = PBXBuildFile; fileRef = DF99DC6C22DDA85F005B424B /* CCHelpTool.h */; };
		DF99DC7B22DDA85F005B424B /* __MCMContainer.h in Headers */ = {isa = PBXBuildFile; fileRef = DF99DC6E22DDA85F005B424B /* __MCMContainer.h */; };
		DF99DC7C22DDA85F005B424B /* __AADevice.h in Headers */ = {isa = PBXBuildFile; fileRef = DF99DC6F22DDA85F005B424B /* __AADevice.h */; };
		DF99DC7D22DDA85F005B424B /* __LSApplication.h in Headers */ = {isa = PBXBuildFile; fileRef = DF99DC7022DDA85F005B424B /* __LSApplication.h */; };
		DF99DC7E22DDA85F005B424B /* __LSApplication.mm in Sources */ = {isa = PBXBuildFile; fileRef = DF99DC7122DDA85F005B424B /* __LSApplication.mm */; };
		DF99DC7F22DDA85F005B424B /* __MCMContainer.mm in Sources */ = {isa = PBXBuildFile; fileRef = DF99DC7522DDA85F005B424B /* __MCMContainer.mm */; };
		DF99DC8022DDA85F005B424B /* __AADevice.mm in Sources */ = {isa = PBXBuildFile; fileRef = DF99DC7622DDA85F005B424B /* __AADevice.mm */; };
		FA9FBF98CF70A0097EA0E617 /* libPods-banzhuan.a in Frameworks */ = {isa = PBXBuildFile; fileRef = 3CCE4E94025CCF8D41CCD399 /* libPods-banzhuan.a */; };
/* End PBXBuildFile section */

/* Begin PBXContainerItemProxy section */
		DF99DB6022DCA4E7005B424B /* PBXContainerItemProxy */ = {
			isa = PBXContainerItemProxy;
			containerPortal = DF99DB4222DCA4E7005B424B /* Project object */;
			proxyType = 1;
			remoteGlobalIDString = DF99DB5D22DCA4E7005B424B;
			remoteInfo = banzhuanDylib;
		};
/* End PBXContainerItemProxy section */

/* Begin PBXCopyFilesBuildPhase section */
		DF99DB4A22DCA4E7005B424B /* CopyFiles */ = {
			isa = PBXCopyFilesBuildPhase;
			buildActionMask = 2147483647;
			dstPath = "";
			dstSubfolderSpec = 10;
			files = (
				DF99DB5F22DCA4E7005B424B /* libbanzhuanDylib.dylib in CopyFiles */,
			);
			runOnlyForDeploymentPostprocessing = 0;
		};
/* End PBXCopyFilesBuildPhase section */

/* Begin PBXFileReference section */
		3CCE4E94025CCF8D41CCD399 /* libPods-banzhuan.a */ = {isa = PBXFileReference; explicitFileType = archive.ar; includeInIndex = 0; path = "libPods-banzhuan.a"; sourceTree = BUILT_PRODUCTS_DIR; };
		4C0913A4FD16A6D801DF04DC /* Pods-banzhuan.debug.xcconfig */ = {isa = PBXFileReference; includeInIndex = 1; lastKnownFileType = text.xcconfig; name = "Pods-banzhuan.debug.xcconfig"; path = "Target Support Files/Pods-banzhuan/Pods-banzhuan.debug.xcconfig"; sourceTree = "<group>"; };
		4E611D7B7FEE264A079D5216 /* libPods-banzhuanDylib.a */ = {isa = PBXFileReference; explicitFileType = archive.ar; includeInIndex = 0; path = "libPods-banzhuanDylib.a"; sourceTree = BUILT_PRODUCTS_DIR; };
		64401CB67901EC11D5174A65 /* Pods-banzhuanDylib.debug.xcconfig */ = {isa = PBXFileReference; includeInIndex = 1; lastKnownFileType = text.xcconfig; name = "Pods-banzhuanDylib.debug.xcconfig"; path = "Target Support Files/Pods-banzhuanDylib/Pods-banzhuanDylib.debug.xcconfig"; sourceTree = "<group>"; };
		B0FDDD4D56D7479256E412D0 /* Pods-banzhuanDylib.release.xcconfig */ = {isa = PBXFileReference; includeInIndex = 1; lastKnownFileType = text.xcconfig; name = "Pods-banzhuanDylib.release.xcconfig"; path = "Target Support Files/Pods-banzhuanDylib/Pods-banzhuanDylib.release.xcconfig"; sourceTree = "<group>"; };
		DF99DB4D22DCA4E7005B424B /* banzhuan.app */ = {isa = PBXFileReference; explicitFileType = wrapper.application; includeInIndex = 0; path = banzhuan.app; sourceTree = BUILT_PRODUCTS_DIR; };
		DF99DB5022DCA4E7005B424B /* icon.png */ = {isa = PBXFileReference; lastKnownFileType = image.png; path = icon.png; sourceTree = "<group>"; };
		DF99DB5222DCA4E7005B424B /* quick-resign.sh */ = {isa = PBXFileReference; lastKnownFileType = text.script.sh; name = "quick-resign.sh"; path = "Scripts/quick-resign.sh"; sourceTree = "<group>"; };
		DF99DB5422DCA4E7005B424B /* MDConfig.plist */ = {isa = PBXFileReference; lastKnownFileType = text.plist.xml; name = MDConfig.plist; path = Config/MDConfig.plist; sourceTree = "<group>"; };
		DF99DB5722DCA4E7005B424B /* put ipa or app here */ = {isa = PBXFileReference; lastKnownFileType = text; name = "put ipa or app here"; path = "TargetApp/put ipa or app here"; sourceTree = "<group>"; };
		DF99DB5822DCA4E7005B424B /* Info.plist */ = {isa = PBXFileReference; lastKnownFileType = text.plist.xml; path = Info.plist; sourceTree = "<group>"; };
		DF99DB5E22DCA4E7005B424B /* libbanzhuanDylib.dylib */ = {isa = PBXFileReference; explicitFileType = "compiled.mach-o.dylib"; includeInIndex = 0; path = libbanzhuanDylib.dylib; sourceTree = BUILT_PRODUCTS_DIR; };
		DF99DB6322DCA4E7005B424B /* JavaScriptCore.framework */ = {isa = PBXFileReference; lastKnownFileType = wrapper.framework; name = JavaScriptCore.framework; path = System/Library/Frameworks/JavaScriptCore.framework; sourceTree = SDKROOT; };
		DF99DB6522DCA4E7005B424B /* Foundation.framework */ = {isa = PBXFileReference; lastKnownFileType = wrapper.framework; name = Foundation.framework; path = System/Library/Frameworks/Foundation.framework; sourceTree = SDKROOT; };
		DF99DB6722DCA4E7005B424B /* UIKit.framework */ = {isa = PBXFileReference; lastKnownFileType = wrapper.framework; name = UIKit.framework; path = System/Library/Frameworks/UIKit.framework; sourceTree = SDKROOT; };
		DF99DB6B22DCA4E7005B424B /* banzhuanDylib.xm */ = {isa = PBXFileReference; lastKnownFileType = text; name = banzhuanDylib.xm; path = Logos/banzhuanDylib.xm; sourceTree = "<group>"; xcLanguageSpecificationIdentifier = xcode.lang.logos; };
		DF99DB6C22DCA4E7005B424B /* banzhuanDylib.mm */ = {isa = PBXFileReference; lastKnownFileType = sourcecode.cpp.objcpp; name = banzhuanDylib.mm; path = Logos/banzhuanDylib.mm; sourceTree = "<group>"; };
		DF99DB6F22DCA4E7005B424B /* MDConfigManager.h */ = {isa = PBXFileReference; lastKnownFileType = sourcecode.c.h; name = MDConfigManager.h; path = Config/MDConfigManager.h; sourceTree = "<group>"; };
		DF99DB7122DCA4E7005B424B /* MDConfigManager.m */ = {isa = PBXFileReference; lastKnownFileType = sourcecode.c.objc; name = MDConfigManager.m; path = Config/MDConfigManager.m; sourceTree = "<group>"; };
		DF99DB7322DCA4E7005B424B /* MDCycriptManager.h */ = {isa = PBXFileReference; lastKnownFileType = sourcecode.c.h; name = MDCycriptManager.h; path = Config/MDCycriptManager.h; sourceTree = "<group>"; };
		DF99DB7522DCA4E7005B424B /* MDCycriptManager.m */ = {isa = PBXFileReference; lastKnownFileType = sourcecode.c.objc; name = MDCycriptManager.m; path = Config/MDCycriptManager.m; sourceTree = "<group>"; };
		DF99DB7722DCA4E7005B424B /* MDMethodTrace.h */ = {isa = PBXFileReference; lastKnownFileType = sourcecode.c.h; name = MDMethodTrace.h; path = Config/MDMethodTrace.h; sourceTree = "<group>"; };
		DF99DB7922DCA4E7005B424B /* MDMethodTrace.m */ = {isa = PBXFileReference; lastKnownFileType = sourcecode.c.objc; name = MDMethodTrace.m; path = Config/MDMethodTrace.m; sourceTree = "<group>"; };
		DF99DB7C22DCA4E7005B424B /* a1a2-selectortramps-arm.s */ = {isa = PBXFileReference; lastKnownFileType = sourcecode.asm; name = "a1a2-selectortramps-arm.s"; path = "Trace/a1a2-selectortramps-arm.s"; sourceTree = "<group>"; };
		DF99DB7E22DCA4E7005B424B /* a1a2-selectortramps-arm64.s */ = {isa = PBXFileReference; lastKnownFileType = sourcecode.asm; name = "a1a2-selectortramps-arm64.s"; path = "Trace/a1a2-selectortramps-arm64.s"; sourceTree = "<group>"; };
		DF99DB8022DCA4E7005B424B /* a1a2-selectortramps-i386.s */ = {isa = PBXFileReference; lastKnownFileType = sourcecode.asm; name = "a1a2-selectortramps-i386.s"; path = "Trace/a1a2-selectortramps-i386.s"; sourceTree = "<group>"; };
		DF99DB8222DCA4E7005B424B /* a1a2-selectortramps-x86_64.s */ = {isa = PBXFileReference; lastKnownFileType = sourcecode.asm; name = "a1a2-selectortramps-x86_64.s"; path = "Trace/a1a2-selectortramps-x86_64.s"; sourceTree = "<group>"; };
		DF99DB8422DCA4E7005B424B /* a2a3-selectortramps-arm.s */ = {isa = PBXFileReference; lastKnownFileType = sourcecode.asm; name = "a2a3-selectortramps-arm.s"; path = "Trace/a2a3-selectortramps-arm.s"; sourceTree = "<group>"; };
		DF99DB8622DCA4E7005B424B /* a2a3-selectortramps-i386.s */ = {isa = PBXFileReference; lastKnownFileType = sourcecode.asm; name = "a2a3-selectortramps-i386.s"; path = "Trace/a2a3-selectortramps-i386.s"; sourceTree = "<group>"; };
		DF99DB8822DCA4E7005B424B /* a2a3-selectortramps-x86_64.s */ = {isa = PBXFileReference; lastKnownFileType = sourcecode.asm; name = "a2a3-selectortramps-x86_64.s"; path = "Trace/a2a3-selectortramps-x86_64.s"; sourceTree = "<group>"; };
		DF99DB8A22DCA4E7005B424B /* OCMethodTrace.h */ = {isa = PBXFileReference; lastKnownFileType = sourcecode.c.h; name = OCMethodTrace.h; path = Trace/OCMethodTrace.h; sourceTree = "<group>"; };
		DF99DB8C22DCA4E7005B424B /* OCMethodTrace.m */ = {isa = PBXFileReference; lastKnownFileType = sourcecode.c.objc; name = OCMethodTrace.m; path = Trace/OCMethodTrace.m; sourceTree = "<group>"; };
		DF99DB8E22DCA4E7005B424B /* OCSelectorTrampolines.h */ = {isa = PBXFileReference; lastKnownFileType = sourcecode.c.h; name = OCSelectorTrampolines.h; path = Trace/OCSelectorTrampolines.h; sourceTree = "<group>"; };
		DF99DB9022DCA4E7005B424B /* OCSelectorTrampolines.mm */ = {isa = PBXFileReference; lastKnownFileType = sourcecode.cpp.objcpp; name = OCSelectorTrampolines.mm; path = Trace/OCSelectorTrampolines.mm; sourceTree = "<group>"; };
		DF99DB9222DCA4E7005B424B /* selectortramps.mac */ = {isa = PBXFileReference; lastKnownFileType = text; name = selectortramps.mac; path = Trace/selectortramps.mac; sourceTree = "<group>"; };
		DF99DB9422DCA4E7005B424B /* LLDBTools.h */ = {isa = PBXFileReference; lastKnownFileType = sourcecode.c.h; name = LLDBTools.h; path = Tools/LLDBTools.h; sourceTree = "<group>"; };
		DF99DB9622DCA4E7005B424B /* LLDBTools.mm */ = {isa = PBXFileReference; lastKnownFileType = sourcecode.cpp.objcpp; name = LLDBTools.mm; path = Tools/LLDBTools.mm; sourceTree = "<group>"; };
		DF99DB9922DCA4E7005B424B /* banzhuanDylib-Prefix.pch */ = {isa = PBXFileReference; lastKnownFileType = sourcecode.c.h; path = "banzhuanDylib-Prefix.pch"; sourceTree = "<group>"; };
		DF99DB9B22DCA4E7005B424B /* fishhook.c */ = {isa = PBXFileReference; lastKnownFileType = sourcecode.c.c; name = fishhook.c; path = fishhook/fishhook.c; sourceTree = "<group>"; };
		DF99DB9D22DCA4E7005B424B /* fishhook.h */ = {isa = PBXFileReference; lastKnownFileType = sourcecode.c.h; name = fishhook.h; path = fishhook/fishhook.h; sourceTree = "<group>"; };
		DF99DB9F22DCA4E7005B424B /* banzhuanDylib.h */ = {isa = PBXFileReference; lastKnownFileType = sourcecode.c.h; path = banzhuanDylib.h; sourceTree = "<group>"; };
		DF99DBA122DCA4E7005B424B /* banzhuanDylib.m */ = {isa = PBXFileReference; lastKnownFileType = sourcecode.c.objc; path = banzhuanDylib.m; sourceTree = "<group>"; };
		DF99DBFD22DCBFCB005B424B /* woca.h */ = {isa = PBXFileReference; lastKnownFileType = sourcecode.c.h; path = woca.h; sourceTree = "<group>"; };
		DF99DBFE22DCBFCB005B424B /* woca.m */ = {isa = PBXFileReference; lastKnownFileType = sourcecode.c.objc; path = woca.m; sourceTree = "<group>"; };
		DF99DC6822DDA85F005B424B /* CCHelpTool.m */ = {isa = PBXFileReference; fileEncoding = 4; lastKnownFileType = sourcecode.c.objc; path = CCHelpTool.m; sourceTree = "<group>"; };
		DF99DC6922DDA85F005B424B /* CC_Object-C.mm */ = {isa = PBXFileReference; fileEncoding = 4; lastKnownFileType = sourcecode.cpp.objcpp; path = "CC_Object-C.mm"; sourceTree = "<group>"; };
		DF99DC6A22DDA85F005B424B /* CC_CFunction.m */ = {isa = PBXFileReference; fileEncoding = 4; lastKnownFileType = sourcecode.c.objc; path = CC_CFunction.m; sourceTree = "<group>"; };
		DF99DC6B22DDA85F005B424B /* CC_Object-C.xm */ = {isa = PBXFileReference; fileEncoding = 4; lastKnownFileType = text; path = "CC_Object-C.xm"; sourceTree = "<group>"; };
		DF99DC6C22DDA85F005B424B /* CCHelpTool.h */ = {isa = PBXFileReference; fileEncoding = 4; lastKnownFileType = sourcecode.c.h; path = CCHelpTool.h; sourceTree = "<group>"; };
		DF99DC6E22DDA85F005B424B /* __MCMContainer.h */ = {isa = PBXFileReference; fileEncoding = 4; lastKnownFileType = sourcecode.c.h; path = __MCMContainer.h; sourceTree = "<group>"; };
		DF99DC6F22DDA85F005B424B /* __AADevice.h */ = {isa = PBXFileReference; fileEncoding = 4; lastKnownFileType = sourcecode.c.h; path = __AADevice.h; sourceTree = "<group>"; };
		DF99DC7022DDA85F005B424B /* __LSApplication.h */ = {isa = PBXFileReference; fileEncoding = 4; lastKnownFileType = sourcecode.c.h; path = __LSApplication.h; sourceTree = "<group>"; };
		DF99DC7122DDA85F005B424B /* __LSApplication.mm */ = {isa = PBXFileReference; fileEncoding = 4; lastKnownFileType = sourcecode.cpp.objcpp; path = __LSApplication.mm; sourceTree = "<group>"; };
		DF99DC7222DDA85F005B424B /* __AADevice.xm */ = {isa = PBXFileReference; fileEncoding = 4; lastKnownFileType = text; path = __AADevice.xm; sourceTree = "<group>"; };
		DF99DC7322DDA85F005B424B /* __MCMContainer.xm */ = {isa = PBXFileReference; fileEncoding = 4; lastKnownFileType = text; path = __MCMContainer.xm; sourceTree = "<group>"; };
		DF99DC7422DDA85F005B424B /* __LSApplication.xm */ = {isa = PBXFileReference; fileEncoding = 4; lastKnownFileType = text; path = __LSApplication.xm; sourceTree = "<group>"; };
		DF99DC7522DDA85F005B424B /* __MCMContainer.mm */ = {isa = PBXFileReference; fileEncoding = 4; lastKnownFileType = sourcecode.cpp.objcpp; path = __MCMContainer.mm; sourceTree = "<group>"; };
		DF99DC7622DDA85F005B424B /* __AADevice.mm */ = {isa = PBXFileReference; fileEncoding = 4; lastKnownFileType = sourcecode.cpp.objcpp; path = __AADevice.mm; sourceTree = "<group>"; };
		FE3550EC75D2BBB6D89C25DA /* Pods-banzhuan.release.xcconfig */ = {isa = PBXFileReference; includeInIndex = 1; lastKnownFileType = text.xcconfig; name = "Pods-banzhuan.release.xcconfig"; path = "Target Support Files/Pods-banzhuan/Pods-banzhuan.release.xcconfig"; sourceTree = "<group>"; };
/* End PBXFileReference section */

/* Begin PBXFrameworksBuildPhase section */
		DF99DB4722DCA4E7005B424B /* Frameworks */ = {
			isa = PBXFrameworksBuildPhase;
			buildActionMask = 2147483647;
			files = (
				FA9FBF98CF70A0097EA0E617 /* libPods-banzhuan.a in Frameworks */,
			);
			runOnlyForDeploymentPostprocessing = 0;
		};
		DF99DB5B22DCA4E7005B424B /* Frameworks */ = {
			isa = PBXFrameworksBuildPhase;
			buildActionMask = 2147483647;
			files = (
				DF99DB6422DCA4E7005B424B /* JavaScriptCore.framework in Frameworks */,
				DF99DB6822DCA4E7005B424B /* UIKit.framework in Frameworks */,
				DF99DB6622DCA4E7005B424B /* Foundation.framework in Frameworks */,
				4440ACF68E2AADC595A4209E /* libPods-banzhuanDylib.a in Frameworks */,
			);
			runOnlyForDeploymentPostprocessing = 0;
		};
/* End PBXFrameworksBuildPhase section */

/* Begin PBXGroup section */
		A861BFA0BA156979E88459B6 /* Pods */ = {
			isa = PBXGroup;
			children = (
				4C0913A4FD16A6D801DF04DC /* Pods-banzhuan.debug.xcconfig */,
				FE3550EC75D2BBB6D89C25DA /* Pods-banzhuan.release.xcconfig */,
				64401CB67901EC11D5174A65 /* Pods-banzhuanDylib.debug.xcconfig */,
				B0FDDD4D56D7479256E412D0 /* Pods-banzhuanDylib.release.xcconfig */,
			);
			name = Pods;
			path = Pods;
			sourceTree = "<group>";
		};
		DF99DB4122DCA4E7005B424B = {
			isa = PBXGroup;
			children = (
				DF99DB4F22DCA4E7005B424B /* banzhuan */,
				DF99DB6922DCA4E7005B424B /* banzhuanDylib */,
				DF99DB6222DCA4E7005B424B /* Frameworks */,
				DF99DB4E22DCA4E7005B424B /* Products */,
				A861BFA0BA156979E88459B6 /* Pods */,
			);
			sourceTree = "<group>";
		};
		DF99DB4E22DCA4E7005B424B /* Products */ = {
			isa = PBXGroup;
			children = (
				DF99DB4D22DCA4E7005B424B /* banzhuan.app */,
				DF99DB5E22DCA4E7005B424B /* libbanzhuanDylib.dylib */,
			);
			name = Products;
			sourceTree = "<group>";
		};
		DF99DB4F22DCA4E7005B424B /* banzhuan */ = {
			isa = PBXGroup;
			children = (
				DF99DB5022DCA4E7005B424B /* icon.png */,
				DF99DB5822DCA4E7005B424B /* Info.plist */,
				DF99DB5122DCA4E7005B424B /* Scripts */,
				DF99DB5322DCA4E7005B424B /* Config */,
				DF99DB5622DCA4E7005B424B /* TargetApp */,
			);
			path = banzhuan;
			sourceTree = "<group>";
		};
		DF99DB5122DCA4E7005B424B /* Scripts */ = {
			isa = PBXGroup;
			children = (
				DF99DB5222DCA4E7005B424B /* quick-resign.sh */,
			);
			name = Scripts;
			sourceTree = "<group>";
		};
		DF99DB5322DCA4E7005B424B /* Config */ = {
			isa = PBXGroup;
			children = (
				DF99DB5422DCA4E7005B424B /* MDConfig.plist */,
			);
			name = Config;
			sourceTree = "<group>";
		};
		DF99DB5622DCA4E7005B424B /* TargetApp */ = {
			isa = PBXGroup;
			children = (
				DF99DB5722DCA4E7005B424B /* put ipa or app here */,
			);
			name = TargetApp;
			sourceTree = "<group>";
		};
		DF99DB6222DCA4E7005B424B /* Frameworks */ = {
			isa = PBXGroup;
			children = (
				DF99DB6322DCA4E7005B424B /* JavaScriptCore.framework */,
				DF99DB6522DCA4E7005B424B /* Foundation.framework */,
				DF99DB6722DCA4E7005B424B /* UIKit.framework */,
				3CCE4E94025CCF8D41CCD399 /* libPods-banzhuan.a */,
				4E611D7B7FEE264A079D5216 /* libPods-banzhuanDylib.a */,
			);
			name = Frameworks;
			sourceTree = "<group>";
		};
		DF99DB6922DCA4E7005B424B /* banzhuanDylib */ = {
			isa = PBXGroup;
			children = (
				DF99DC6722DDA85F005B424B /* CCTweakTool */,
				DF99DB9F22DCA4E7005B424B /* banzhuanDylib.h */,
				DF99DBA122DCA4E7005B424B /* banzhuanDylib.m */,
				DF99DBFD22DCBFCB005B424B /* woca.h */,
				DF99DBFE22DCBFCB005B424B /* woca.m */,
				DF99DB6A22DCA4E7005B424B /* Logos */,
				DF99DB6E22DCA4E7005B424B /* Config */,
				DF99DB7B22DCA4E7005B424B /* Trace */,
				DF99DB9322DCA4E7005B424B /* Tools */,
				DF99DB9A22DCA4E7005B424B /* fishhook */,
				DF99DB9822DCA4E7005B424B /* Supporting Files */,
			);
			path = banzhuanDylib;
			sourceTree = "<group>";
		};
		DF99DB6A22DCA4E7005B424B /* Logos */ = {
			isa = PBXGroup;
			children = (
				DF99DB6B22DCA4E7005B424B /* banzhuanDylib.xm */,
				DF99DB6C22DCA4E7005B424B /* banzhuanDylib.mm */,
			);
			name = Logos;
			sourceTree = "<group>";
		};
		DF99DB6E22DCA4E7005B424B /* Config */ = {
			isa = PBXGroup;
			children = (
				DF99DB6F22DCA4E7005B424B /* MDConfigManager.h */,
				DF99DB7122DCA4E7005B424B /* MDConfigManager.m */,
				DF99DB7322DCA4E7005B424B /* MDCycriptManager.h */,
				DF99DB7522DCA4E7005B424B /* MDCycriptManager.m */,
				DF99DB7722DCA4E7005B424B /* MDMethodTrace.h */,
				DF99DB7922DCA4E7005B424B /* MDMethodTrace.m */,
			);
			name = Config;
			sourceTree = "<group>";
		};
		DF99DB7B22DCA4E7005B424B /* Trace */ = {
			isa = PBXGroup;
			children = (
				DF99DB7C22DCA4E7005B424B /* a1a2-selectortramps-arm.s */,
				DF99DB7E22DCA4E7005B424B /* a1a2-selectortramps-arm64.s */,
				DF99DB8022DCA4E7005B424B /* a1a2-selectortramps-i386.s */,
				DF99DB8222DCA4E7005B424B /* a1a2-selectortramps-x86_64.s */,
				DF99DB8422DCA4E7005B424B /* a2a3-selectortramps-arm.s */,
				DF99DB8622DCA4E7005B424B /* a2a3-selectortramps-i386.s */,
				DF99DB8822DCA4E7005B424B /* a2a3-selectortramps-x86_64.s */,
				DF99DB8A22DCA4E7005B424B /* OCMethodTrace.h */,
				DF99DB8C22DCA4E7005B424B /* OCMethodTrace.m */,
				DF99DB8E22DCA4E7005B424B /* OCSelectorTrampolines.h */,
				DF99DB9022DCA4E7005B424B /* OCSelectorTrampolines.mm */,
				DF99DB9222DCA4E7005B424B /* selectortramps.mac */,
			);
			name = Trace;
			sourceTree = "<group>";
		};
		DF99DB9322DCA4E7005B424B /* Tools */ = {
			isa = PBXGroup;
			children = (
				DF99DB9422DCA4E7005B424B /* LLDBTools.h */,
				DF99DB9622DCA4E7005B424B /* LLDBTools.mm */,
			);
			name = Tools;
			sourceTree = "<group>";
		};
		DF99DB9822DCA4E7005B424B /* Supporting Files */ = {
			isa = PBXGroup;
			children = (
				DF99DB9922DCA4E7005B424B /* banzhuanDylib-Prefix.pch */,
			);
			name = "Supporting Files";
			sourceTree = "<group>";
		};
		DF99DB9A22DCA4E7005B424B /* fishhook */ = {
			isa = PBXGroup;
			children = (
				DF99DB9B22DCA4E7005B424B /* fishhook.c */,
				DF99DB9D22DCA4E7005B424B /* fishhook.h */,
			);
			name = fishhook;
			sourceTree = "<group>";
		};
		DF99DC6722DDA85F005B424B /* CCTweakTool */ = {
			isa = PBXGroup;
			children = (
				DF99DC6822DDA85F005B424B /* CCHelpTool.m */,
				DF99DC6922DDA85F005B424B /* CC_Object-C.mm */,
				DF99DC6A22DDA85F005B424B /* CC_CFunction.m */,
				DF99DC6B22DDA85F005B424B /* CC_Object-C.xm */,
				DF99DC6C22DDA85F005B424B /* CCHelpTool.h */,
				DF99DC6D22DDA85F005B424B /* privateApis */,
			);
			path = CCTweakTool;
			sourceTree = "<group>";
		};
		DF99DC6D22DDA85F005B424B /* privateApis */ = {
			isa = PBXGroup;
			children = (
				DF99DC6E22DDA85F005B424B /* __MCMContainer.h */,
				DF99DC6F22DDA85F005B424B /* __AADevice.h */,
				DF99DC7022DDA85F005B424B /* __LSApplication.h */,
				DF99DC7122DDA85F005B424B /* __LSApplication.mm */,
				DF99DC7222DDA85F005B424B /* __AADevice.xm */,
				DF99DC7322DDA85F005B424B /* __MCMContainer.xm */,
				DF99DC7422DDA85F005B424B /* __LSApplication.xm */,
				DF99DC7522DDA85F005B424B /* __MCMContainer.mm */,
				DF99DC7622DDA85F005B424B /* __AADevice.mm */,
			);
			path = privateApis;
			sourceTree = "<group>";
		};
/* End PBXGroup section */

/* Begin PBXHeadersBuildPhase section */
		DF99DB5C22DCA4E7005B424B /* Headers */ = {
			isa = PBXHeadersBuildPhase;
			buildActionMask = 2147483647;
			files = (
				DF99DBFF22DCBFCB005B424B /* woca.h in Headers */,
				DF99DC7B22DDA85F005B424B /* __MCMContainer.h in Headers */,
				DF99DBA022DCA4E7005B424B /* banzhuanDylib.h in Headers */,
				DF99DB7422DCA4E7005B424B /* MDCycriptManager.h in Headers */,
				DF99DC7A22DDA85F005B424B /* CCHelpTool.h in Headers */,
				DF99DB7822DCA4E7005B424B /* MDMethodTrace.h in Headers */,
				DF99DC7D22DDA85F005B424B /* __LSApplication.h in Headers */,
				DF99DC7C22DDA85F005B424B /* __AADevice.h in Headers */,
				DF99DB9E22DCA4E7005B424B /* fishhook.h in Headers */,
				DF99DB9522DCA4E7005B424B /* LLDBTools.h in Headers */,
				DF99DB7022DCA4E7005B424B /* MDConfigManager.h in Headers */,
				DF99DB8F22DCA4E7005B424B /* OCSelectorTrampolines.h in Headers */,
				DF99DB8B22DCA4E7005B424B /* OCMethodTrace.h in Headers */,
			);
			runOnlyForDeploymentPostprocessing = 0;
		};
/* End PBXHeadersBuildPhase section */

/* Begin PBXNativeTarget section */
		DF99DB4C22DCA4E7005B424B /* banzhuan */ = {
			isa = PBXNativeTarget;
			buildConfigurationList = DF99DBA822DCA4E7005B424B /* Build configuration list for PBXNativeTarget "banzhuan" */;
			buildPhases = (
				895A05A00BDC2372159F7532 /* [CP] Check Pods Manifest.lock */,
				DF99DB4622DCA4E7005B424B /* Sources */,
				DF99DB4722DCA4E7005B424B /* Frameworks */,
				DF99DB4822DCA4E7005B424B /* ShellScript */,
				DF99DB4922DCA4E7005B424B /* Resources */,
				DF99DB4A22DCA4E7005B424B /* CopyFiles */,
				DF99DB4B22DCA4E7005B424B /* ShellScript */,
			);
			buildRules = (
			);
			dependencies = (
				DF99DB6122DCA4E7005B424B /* PBXTargetDependency */,
			);
			name = banzhuan;
			productName = banzhuan;
			productReference = DF99DB4D22DCA4E7005B424B /* banzhuan.app */;
			productType = "com.apple.product-type.application";
		};
		DF99DB5D22DCA4E7005B424B /* banzhuanDylib */ = {
			isa = PBXNativeTarget;
			buildConfigurationList = DF99DBA522DCA4E7005B424B /* Build configuration list for PBXNativeTarget "banzhuanDylib" */;
			buildPhases = (
				E151A92424DF6EBBB9B9F660 /* [CP] Check Pods Manifest.lock */,
				DF99DB5922DCA4E7005B424B /* ShellScript */,
				DF99DB5A22DCA4E7005B424B /* Sources */,
				DF99DB5B22DCA4E7005B424B /* Frameworks */,
				DF99DB5C22DCA4E7005B424B /* Headers */,
			);
			buildRules = (
			);
			dependencies = (
			);
			name = banzhuanDylib;
			productName = banzhuanDylib;
			productReference = DF99DB5E22DCA4E7005B424B /* libbanzhuanDylib.dylib */;
			productType = "com.apple.product-type.library.dynamic";
		};
/* End PBXNativeTarget section */

/* Begin PBXProject section */
		DF99DB4222DCA4E7005B424B /* Project object */ = {
			isa = PBXProject;
			attributes = {
				LastUpgradeCheck = 1020;
				ORGANIZATIONNAME = "梁泽";
				TargetAttributes = {
					DF99DB4C22DCA4E7005B424B = {
						CreatedOnToolsVersion = 10.2.1;
					};
					DF99DB5D22DCA4E7005B424B = {
						CreatedOnToolsVersion = 10.2.1;
					};
				};
			};
			buildConfigurationList = DF99DB4522DCA4E7005B424B /* Build configuration list for PBXProject "banzhuan" */;
			compatibilityVersion = "Xcode 9.3";
			developmentRegion = en;
			hasScannedForEncodings = 0;
			knownRegions = (
				en,
			);
			mainGroup = DF99DB4122DCA4E7005B424B;
			productRefGroup = DF99DB4E22DCA4E7005B424B /* Products */;
			projectDirPath = "";
			projectRoot = "";
			targets = (
				DF99DB4C22DCA4E7005B424B /* banzhuan */,
				DF99DB5D22DCA4E7005B424B /* banzhuanDylib */,
			);
		};
/* End PBXProject section */

/* Begin PBXResourcesBuildPhase section */
		DF99DB4922DCA4E7005B424B /* Resources */ = {
			isa = PBXResourcesBuildPhase;
			buildActionMask = 2147483647;
			files = (
				DF99DB5522DCA4E7005B424B /* MDConfig.plist in Resources */,
			);
			runOnlyForDeploymentPostprocessing = 0;
		};
/* End PBXResourcesBuildPhase section */

/* Begin PBXShellScriptBuildPhase section */
		895A05A00BDC2372159F7532 /* [CP] Check Pods Manifest.lock */ = {
			isa = PBXShellScriptBuildPhase;
			buildActionMask = 2147483647;
			files = (
			);
			inputFileListPaths = (
			);
			inputPaths = (
				"${PODS_PODFILE_DIR_PATH}/Podfile.lock",
				"${PODS_ROOT}/Manifest.lock",
			);
			name = "[CP] Check Pods Manifest.lock";
			outputFileListPaths = (
			);
			outputPaths = (
				"$(DERIVED_FILE_DIR)/Pods-banzhuan-checkManifestLockResult.txt",
			);
			runOnlyForDeploymentPostprocessing = 0;
			shellPath = /bin/sh;
			shellScript = "diff \"${PODS_PODFILE_DIR_PATH}/Podfile.lock\" \"${PODS_ROOT}/Manifest.lock\" > /dev/null\nif [ $? != 0 ] ; then\n    # print error to STDERR\n    echo \"error: The sandbox is not in sync with the Podfile.lock. Run 'pod install' or update your CocoaPods installation.\" >&2\n    exit 1\nfi\n# This output is used by Xcode 'outputs' to avoid re-running this script phase.\necho \"SUCCESS\" > \"${SCRIPT_OUTPUT_FILE_0}\"\n";
			showEnvVarsInLog = 0;
		};
		DF99DB4822DCA4E7005B424B /* ShellScript */ = {
			isa = PBXShellScriptBuildPhase;
			buildActionMask = 2147483647;
			files = (
			);
			inputFileListPaths = (
			);
			inputPaths = (
			);
			outputFileListPaths = (
			);
			outputPaths = (
			);
			runOnlyForDeploymentPostprocessing = 0;
			shellPath = /bin/sh;
			shellScript = /opt/MonkeyDev/Tools/pack.sh;
		};
		DF99DB4B22DCA4E7005B424B /* ShellScript */ = {
			isa = PBXShellScriptBuildPhase;
			buildActionMask = 2147483647;
			files = (
			);
			inputFileListPaths = (
			);
			inputPaths = (
			);
			outputFileListPaths = (
			);
			outputPaths = (
			);
			runOnlyForDeploymentPostprocessing = 0;
			shellPath = /bin/sh;
			shellScript = "/opt/MonkeyDev/Tools/pack.sh codesign";
		};
		DF99DB5922DCA4E7005B424B /* ShellScript */ = {
			isa = PBXShellScriptBuildPhase;
			buildActionMask = 2147483647;
			files = (
			);
			inputFileListPaths = (
			);
			inputPaths = (
			);
			outputFileListPaths = (
			);
			outputPaths = (
			);
			runOnlyForDeploymentPostprocessing = 0;
			shellPath = /bin/sh;
			shellScript = "/opt/MonkeyDev/bin/md --xcbp-logos";
		};
		E151A92424DF6EBBB9B9F660 /* [CP] Check Pods Manifest.lock */ = {
			isa = PBXShellScriptBuildPhase;
			buildActionMask = 2147483647;
			files = (
			);
			inputFileListPaths = (
			);
			inputPaths = (
				"${PODS_PODFILE_DIR_PATH}/Podfile.lock",
				"${PODS_ROOT}/Manifest.lock",
			);
			name = "[CP] Check Pods Manifest.lock";
			outputFileListPaths = (
			);
			outputPaths = (
				"$(DERIVED_FILE_DIR)/Pods-banzhuanDylib-checkManifestLockResult.txt",
			);
			runOnlyForDeploymentPostprocessing = 0;
			shellPath = /bin/sh;
			shellScript = "diff \"${PODS_PODFILE_DIR_PATH}/Podfile.lock\" \"${PODS_ROOT}/Manifest.lock\" > /dev/null\nif [ $? != 0 ] ; then\n    # print error to STDERR\n    echo \"error: The sandbox is not in sync with the Podfile.lock. Run 'pod install' or update your CocoaPods installation.\" >&2\n    exit 1\nfi\n# This output is used by Xcode 'outputs' to avoid re-running this script phase.\necho \"SUCCESS\" > \"${SCRIPT_OUTPUT_FILE_0}\"\n";
			showEnvVarsInLog = 0;
		};
/* End PBXShellScriptBuildPhase section */

/* Begin PBXSourcesBuildPhase section */
		DF99DB4622DCA4E7005B424B /* Sources */ = {
			isa = PBXSourcesBuildPhase;
			buildActionMask = 2147483647;
			files = (
			);
			runOnlyForDeploymentPostprocessing = 0;
		};
		DF99DB5A22DCA4E7005B424B /* Sources */ = {
			isa = PBXSourcesBuildPhase;
			buildActionMask = 2147483647;
			files = (
				DF99DB7622DCA4E7005B424B /* MDCycriptManager.m in Sources */,
				DF99DB9C22DCA4E7005B424B /* fishhook.c in Sources */,
				DF99DB7F22DCA4E7005B424B /* a1a2-selectortramps-arm64.s in Sources */,
				DF99DC7F22DDA85F005B424B /* __MCMContainer.mm in Sources */,
				DF99DC7922DDA85F005B424B /* CC_CFunction.m in Sources */,
				DF99DB7D22DCA4E7005B424B /* a1a2-selectortramps-arm.s in Sources */,
				DF99DC7722DDA85F005B424B /* CCHelpTool.m in Sources */,
				DF99DC0022DCBFCB005B424B /* woca.m in Sources */,
				DF99DC7822DDA85F005B424B /* CC_Object-C.mm in Sources */,
				DF99DB8322DCA4E7005B424B /* a1a2-selectortramps-x86_64.s in Sources */,
				DF99DBA222DCA4E7005B424B /* banzhuanDylib.m in Sources */,
				DF99DB8D22DCA4E7005B424B /* OCMethodTrace.m in Sources */,
				DF99DC7E22DDA85F005B424B /* __LSApplication.mm in Sources */,
				DF99DB7222DCA4E7005B424B /* MDConfigManager.m in Sources */,
				DF99DB9122DCA4E7005B424B /* OCSelectorTrampolines.mm in Sources */,
				DF99DB8122DCA4E7005B424B /* a1a2-selectortramps-i386.s in Sources */,
				DF99DB8722DCA4E7005B424B /* a2a3-selectortramps-i386.s in Sources */,
				DF99DB8522DCA4E7005B424B /* a2a3-selectortramps-arm.s in Sources */,
				DF99DB6D22DCA4E7005B424B /* banzhuanDylib.mm in Sources */,
				DF99DC8022DDA85F005B424B /* __AADevice.mm in Sources */,
				DF99DB9722DCA4E7005B424B /* LLDBTools.mm in Sources */,
				DF99DB8922DCA4E7005B424B /* a2a3-selectortramps-x86_64.s in Sources */,
				DF99DB7A22DCA4E7005B424B /* MDMethodTrace.m in Sources */,
			);
			runOnlyForDeploymentPostprocessing = 0;
		};
/* End PBXSourcesBuildPhase section */

/* Begin PBXTargetDependency section */
		DF99DB6122DCA4E7005B424B /* PBXTargetDependency */ = {
			isa = PBXTargetDependency;
			target = DF99DB5D22DCA4E7005B424B /* banzhuanDylib */;
			targetProxy = DF99DB6022DCA4E7005B424B /* PBXContainerItemProxy */;
		};
/* End PBXTargetDependency section */

/* Begin XCBuildConfiguration section */
		DF99DBA322DCA4E7005B424B /* Debug */ = {
			isa = XCBuildConfiguration;
			buildSettings = {
				ALWAYS_SEARCH_USER_PATHS = NO;
				CLANG_ANALYZER_NONNULL = YES;
				CLANG_ANALYZER_NUMBER_OBJECT_CONVERSION = YES_AGGRESSIVE;
				CLANG_CXX_LANGUAGE_STANDARD = "gnu++14";
				CLANG_CXX_LIBRARY = "libc++";
				CLANG_ENABLE_MODULES = YES;
				CLANG_ENABLE_OBJC_ARC = YES;
				CLANG_ENABLE_OBJC_WEAK = YES;
				CLANG_WARN_BLOCK_CAPTURE_AUTORELEASING = YES;
				CLANG_WARN_BOOL_CONVERSION = YES;
				CLANG_WARN_COMMA = YES;
				CLANG_WARN_CONSTANT_CONVERSION = YES;
				CLANG_WARN_DEPRECATED_OBJC_IMPLEMENTATIONS = YES;
				CLANG_WARN_DIRECT_OBJC_ISA_USAGE = YES_ERROR;
				CLANG_WARN_DOCUMENTATION_COMMENTS = YES;
				CLANG_WARN_EMPTY_BODY = YES;
				CLANG_WARN_ENUM_CONVERSION = YES;
				CLANG_WARN_INFINITE_RECURSION = YES;
				CLANG_WARN_INT_CONVERSION = YES;
				CLANG_WARN_NON_LITERAL_NULL_CONVERSION = YES;
				CLANG_WARN_OBJC_IMPLICIT_RETAIN_SELF = YES;
				CLANG_WARN_OBJC_LITERAL_CONVERSION = YES;
				CLANG_WARN_OBJC_ROOT_CLASS = YES_ERROR;
				CLANG_WARN_RANGE_LOOP_ANALYSIS = YES;
				CLANG_WARN_STRICT_PROTOTYPES = YES;
				CLANG_WARN_SUSPICIOUS_MOVE = YES;
				CLANG_WARN_UNGUARDED_AVAILABILITY = YES_AGGRESSIVE;
				CLANG_WARN_UNREACHABLE_CODE = YES;
				CLANG_WARN__DUPLICATE_METHOD_MATCH = YES;
				CODE_SIGN_IDENTITY = "iPhone Developer";
				COPY_PHASE_STRIP = NO;
				DEBUG_INFORMATION_FORMAT = dwarf;
				ENABLE_STRICT_OBJC_MSGSEND = YES;
				ENABLE_TESTABILITY = YES;
				GCC_C_LANGUAGE_STANDARD = gnu11;
				GCC_DYNAMIC_NO_PIC = NO;
				GCC_NO_COMMON_BLOCKS = YES;
				GCC_OPTIMIZATION_LEVEL = 0;
				GCC_PREPROCESSOR_DEFINITIONS = (
					"DEBUG=1",
					"$(inherited)",
				);
				GCC_WARN_64_TO_32_BIT_CONVERSION = YES;
				GCC_WARN_ABOUT_RETURN_TYPE = YES_ERROR;
				GCC_WARN_UNDECLARED_SELECTOR = YES;
				GCC_WARN_UNINITIALIZED_AUTOS = YES_AGGRESSIVE;
				GCC_WARN_UNUSED_FUNCTION = YES;
				GCC_WARN_UNUSED_VARIABLE = YES;
				IPHONEOS_DEPLOYMENT_TARGET = 8.0;
				MTL_ENABLE_DEBUG_INFO = INCLUDE_SOURCE;
				MTL_FAST_MATH = YES;
				ONLY_ACTIVE_ARCH = YES;
				SDKROOT = iphoneos;
			};
			name = Debug;
		};
		DF99DBA422DCA4E7005B424B /* Release */ = {
			isa = XCBuildConfiguration;
			buildSettings = {
				ALWAYS_SEARCH_USER_PATHS = NO;
				CLANG_ANALYZER_NONNULL = YES;
				CLANG_ANALYZER_NUMBER_OBJECT_CONVERSION = YES_AGGRESSIVE;
				CLANG_CXX_LANGUAGE_STANDARD = "gnu++14";
				CLANG_CXX_LIBRARY = "libc++";
				CLANG_ENABLE_MODULES = YES;
				CLANG_ENABLE_OBJC_ARC = YES;
				CLANG_ENABLE_OBJC_WEAK = YES;
				CLANG_WARN_BLOCK_CAPTURE_AUTORELEASING = YES;
				CLANG_WARN_BOOL_CONVERSION = YES;
				CLANG_WARN_COMMA = YES;
				CLANG_WARN_CONSTANT_CONVERSION = YES;
				CLANG_WARN_DEPRECATED_OBJC_IMPLEMENTATIONS = YES;
				CLANG_WARN_DIRECT_OBJC_ISA_USAGE = YES_ERROR;
				CLANG_WARN_DOCUMENTATION_COMMENTS = YES;
				CLANG_WARN_EMPTY_BODY = YES;
				CLANG_WARN_ENUM_CONVERSION = YES;
				CLANG_WARN_INFINITE_RECURSION = YES;
				CLANG_WARN_INT_CONVERSION = YES;
				CLANG_WARN_NON_LITERAL_NULL_CONVERSION = YES;
				CLANG_WARN_OBJC_IMPLICIT_RETAIN_SELF = YES;
				CLANG_WARN_OBJC_LITERAL_CONVERSION = YES;
				CLANG_WARN_OBJC_ROOT_CLASS = YES_ERROR;
				CLANG_WARN_RANGE_LOOP_ANALYSIS = YES;
				CLANG_WARN_STRICT_PROTOTYPES = YES;
				CLANG_WARN_SUSPICIOUS_MOVE = YES;
				CLANG_WARN_UNGUARDED_AVAILABILITY = YES_AGGRESSIVE;
				CLANG_WARN_UNREACHABLE_CODE = YES;
				CLANG_WARN__DUPLICATE_METHOD_MATCH = YES;
				CODE_SIGN_IDENTITY = "iPhone Developer";
				COPY_PHASE_STRIP = NO;
				DEBUG_INFORMATION_FORMAT = "dwarf-with-dsym";
				ENABLE_NS_ASSERTIONS = NO;
				ENABLE_STRICT_OBJC_MSGSEND = YES;
				GCC_C_LANGUAGE_STANDARD = gnu11;
				GCC_NO_COMMON_BLOCKS = YES;
				GCC_WARN_64_TO_32_BIT_CONVERSION = YES;
				GCC_WARN_ABOUT_RETURN_TYPE = YES_ERROR;
				GCC_WARN_UNDECLARED_SELECTOR = YES;
				GCC_WARN_UNINITIALIZED_AUTOS = YES_AGGRESSIVE;
				GCC_WARN_UNUSED_FUNCTION = YES;
				GCC_WARN_UNUSED_VARIABLE = YES;
				IPHONEOS_DEPLOYMENT_TARGET = 8.0;
				MTL_ENABLE_DEBUG_INFO = NO;
				MTL_FAST_MATH = YES;
				SDKROOT = iphoneos;
				VALIDATE_PRODUCT = YES;
			};
			name = Release;
		};
		DF99DBA622DCA4E7005B424B /* Debug */ = {
			isa = XCBuildConfiguration;
			baseConfigurationReference = 64401CB67901EC11D5174A65 /* Pods-banzhuanDylib.debug.xcconfig */;
			buildSettings = {
				CODE_SIGN_STYLE = Automatic;
				DEVELOPMENT_TEAM = 58Y74FY8QK;
				DYLIB_COMPATIBILITY_VERSION = 1;
				DYLIB_CURRENT_VERSION = 1;
				ENABLE_BITCODE = NO;
				EXCLUDED_RECURSIVE_SEARCH_PATH_SUBDIRECTORIES = "*.nib *.lproj *.gch (*) .DS_Store CVS .svn .git .hg *.xcodeproj *.xcode *.pbproj *.pbxproj";
				EXECUTABLE_PREFIX = lib;
				FRAMEWORK_SEARCH_PATHS = (
					"$(inherited)",
					"$(MonkeyDevPath)/Frameworks/**",
					"$(MonkeyDevPath)/Librarys/**",
					"$(MonkeyDevTheosPath)/vendor/lib",
				);
				GCC_C_LANGUAGE_STANDARD = gnu99;
				GCC_PRECOMPILE_PREFIX_HEADER = YES;
				GCC_PREFIX_HEADER = "banzhuanDylib/banzhuanDylib-Prefix.pch";
				GCC_SYMBOLS_PRIVATE_EXTERN = NO;
				GCC_WARN_ABOUT_MISSING_PROTOTYPES = YES;
				GCC_WARN_ABOUT_RETURN_TYPE = YES;
				HEADER_SEARCH_PATHS = (
					"$(inherited)",
					"$(MonkeyDevPath)/include",
					"$(MonkeyDevTheosPath)/vendor/include/**",
				);
				INSTALL_PATH = "@executable_path/Frameworks/libbanzhuanDylib.dylib";
				LD_RUNPATH_SEARCH_PATHS = (
					"$(inherited)",
					"@executable_path/Frameworks",
				);
				LIBRARY_SEARCH_PATHS = (
					"$(inherited)",
					"$(MonkeyDevPath)/Frameworks",
					"$(MonkeyDevTheosPath)/vendor/lib/**",
				);
				MonkeyDevPath = /opt/MonkeyDev;
				MonkeyDevTheosPath = /opt/theos;
				OTHER_CFLAGS = (
					"$(inherited)",
					"-DTHEOS_INSTANCE_NAME=\"\\\"banzhuanDylib\\\"\"",
				);
				OTHER_LDFLAGS = (
					"$(inherited)",
					"-weak_library",
					"/usr/lib/libc++.dylib",
					"-weak_library",
					"/usr/lib/libstdc++.dylib",
					"-weak_library",
					"$(MonkeyDevPath)/Frameworks/libsubstrate.dylib",
					"-lcycript",
					"-framework",
					RevealServer,
				);
				PRODUCT_NAME = "$(TARGET_NAME)";
				TARGETED_DEVICE_FAMILY = "1,2";
				VALIDATE_PRODUCT = NO;
			};
			name = Debug;
		};
		DF99DBA722DCA4E7005B424B /* Release */ = {
			isa = XCBuildConfiguration;
			baseConfigurationReference = B0FDDD4D56D7479256E412D0 /* Pods-banzhuanDylib.release.xcconfig */;
			buildSettings = {
				CODE_SIGN_STYLE = Automatic;
				COPY_PHASE_STRIP = YES;
				DEVELOPMENT_TEAM = 58Y74FY8QK;
				DYLIB_COMPATIBILITY_VERSION = 1;
				DYLIB_CURRENT_VERSION = 1;
				ENABLE_BITCODE = NO;
				EXCLUDED_RECURSIVE_SEARCH_PATH_SUBDIRECTORIES = "*.nib *.lproj *.gch (*) .DS_Store CVS .svn .git .hg *.xcodeproj *.xcode *.pbproj *.pbxproj";
				EXECUTABLE_PREFIX = lib;
				FRAMEWORK_SEARCH_PATHS = (
					"$(inherited)",
					"$(MonkeyDevPath)/Frameworks/**",
					"$(MonkeyDevPath)/Librarys/**",
					"$(MonkeyDevTheosPath)/vendor/lib",
				);
				GCC_C_LANGUAGE_STANDARD = gnu99;
				GCC_PRECOMPILE_PREFIX_HEADER = YES;
				GCC_PREFIX_HEADER = "banzhuanDylib/banzhuanDylib-Prefix.pch";
				GCC_WARN_ABOUT_MISSING_PROTOTYPES = YES;
				GCC_WARN_ABOUT_RETURN_TYPE = YES;
				HEADER_SEARCH_PATHS = (
					"$(inherited)",
					"$(MonkeyDevPath)/include",
					"$(MonkeyDevTheosPath)/vendor/include/**",
				);
				INSTALL_PATH = "@executable_path/Frameworks/libbanzhuanDylib.dylib";
				LD_RUNPATH_SEARCH_PATHS = (
					"$(inherited)",
					"@executable_path/Frameworks",
				);
				LIBRARY_SEARCH_PATHS = (
					"$(inherited)",
					"$(MonkeyDevPath)/Frameworks",
					"$(MonkeyDevTheosPath)/vendor/lib/**",
				);
				MonkeyDevPath = /opt/MonkeyDev;
				MonkeyDevTheosPath = /opt/theos;
				OTHER_CFLAGS = (
					"$(inherited)",
					"-DTHEOS_INSTANCE_NAME=\"\\\"banzhuanDylib\\\"\"",
				);
				OTHER_LDFLAGS = (
					"$(inherited)",
					"-weak_library",
					"/usr/lib/libc++.dylib",
					"-weak_library",
					"/usr/lib/libstdc++.dylib",
					"-weak_library",
					"$(MonkeyDevPath)/Frameworks/libsubstrate.dylib",
				);
				PRODUCT_NAME = "$(TARGET_NAME)";
				TARGETED_DEVICE_FAMILY = "1,2";
			};
			name = Release;
		};
		DF99DBA922DCA4E7005B424B /* Debug */ = {
			isa = XCBuildConfiguration;
			baseConfigurationReference = 4C0913A4FD16A6D801DF04DC /* Pods-banzhuan.debug.xcconfig */;
			buildSettings = {
				CODE_SIGN_STYLE = Automatic;
				DEVELOPMENT_TEAM = 58Y74FY8QK;
				ENABLE_BITCODE = NO;
				INFOPLIST_FILE = banzhuan/Info.plist;
				MONKEYDEV_ADD_SUBSTRATE = YES;
				MONKEYDEV_CLASS_DUMP = YES;
				MONKEYDEV_DEFAULT_BUNDLEID = NO;
				MONKEYDEV_INSERT_DYLIB = YES;
				MONKEYDEV_RESTORE_SYMBOL = NO;
				MONKEYDEV_TARGET_APP = Optional;
				PODS_CONFIGURATION_BUILD_DIR = "$BUILD_DIR/$(CONFIGURATION)$(EFFECTIVE_PLATFORM_NAME)";
				PODS_ROOT = "${SRCROOT}/Pods";
				PRODUCT_BUNDLE_IDENTIFIER = com.recycle.easy;
				PRODUCT_NAME = "$(TARGET_NAME)";
				TARGETED_DEVICE_FAMILY = "1,2";
			};
			name = Debug;
		};
		DF99DBAA22DCA4E7005B424B /* Release */ = {
			isa = XCBuildConfiguration;
			baseConfigurationReference = FE3550EC75D2BBB6D89C25DA /* Pods-banzhuan.release.xcconfig */;
			buildSettings = {
				CODE_SIGN_STYLE = Automatic;
				DEVELOPMENT_TEAM = 58Y74FY8QK;
				ENABLE_BITCODE = NO;
				INFOPLIST_FILE = banzhuan/Info.plist;
				MONKEYDEV_ADD_SUBSTRATE = YES;
				MONKEYDEV_CLASS_DUMP = YES;
				MONKEYDEV_DEFAULT_BUNDLEID = NO;
				MONKEYDEV_INSERT_DYLIB = YES;
				MONKEYDEV_RESTORE_SYMBOL = NO;
				MONKEYDEV_TARGET_APP = Optional;
				PODS_CONFIGURATION_BUILD_DIR = "$BUILD_DIR/$(CONFIGURATION)$(EFFECTIVE_PLATFORM_NAME)";
				PODS_ROOT = "${SRCROOT}/Pods";
				PRODUCT_BUNDLE_IDENTIFIER = com.recycle.easy;
				PRODUCT_NAME = "$(TARGET_NAME)";
				TARGETED_DEVICE_FAMILY = "1,2";
			};
			name = Release;
		};
/* End XCBuildConfiguration section */

/* Begin XCConfigurationList section */
		DF99DB4522DCA4E7005B424B /* Build configuration list for PBXProject "banzhuan" */ = {
			isa = XCConfigurationList;
			buildConfigurations = (
				DF99DBA322DCA4E7005B424B /* Debug */,
				DF99DBA422DCA4E7005B424B /* Release */,
			);
			defaultConfigurationIsVisible = 0;
			defaultConfigurationName = Release;
		};
		DF99DBA522DCA4E7005B424B /* Build configuration list for PBXNativeTarget "banzhuanDylib" */ = {
			isa = XCConfigurationList;
			buildConfigurations = (
				DF99DBA622DCA4E7005B424B /* Debug */,
				DF99DBA722DCA4E7005B424B /* Release */,
			);
			defaultConfigurationIsVisible = 0;
			defaultConfigurationName = Release;
		};
		DF99DBA822DCA4E7005B424B /* Build configuration list for PBXNativeTarget "banzhuan" */ = {
			isa = XCConfigurationList;
			buildConfigurations = (
				DF99DBA922DCA4E7005B424B /* Debug */,
				DF99DBAA22DCA4E7005B424B /* Release */,
			);
			defaultConfigurationIsVisible = 0;
			defaultConfigurationName = Release;
		};
/* End XCConfigurationList section */
	};
	rootObject = DF99DB4222DCA4E7005B424B /* Project object */;
}
